// !$*UTF8*$!
{
	archiveVersion = 1;
	classes = {
	};
	objectVersion = 50;
	objects = {

/* Begin PBXBuildFile section */
		761BDEC926886C9A0026F76A /* AppDelegate.swift in Sources */ = {isa = PBXBuildFile; fileRef = 761BDEC826886C9A0026F76A /* AppDelegate.swift */; };
		761BDECB26886C9A0026F76A /* SceneDelegate.swift in Sources */ = {isa = PBXBuildFile; fileRef = 761BDECA26886C9A0026F76A /* SceneDelegate.swift */; };
		761BDECD26886C9A0026F76A /* ViewController.swift in Sources */ = {isa = PBXBuildFile; fileRef = 761BDECC26886C9A0026F76A /* ViewController.swift */; };
		761BDED026886C9A0026F76A /* Main.storyboard in Resources */ = {isa = PBXBuildFile; fileRef = 761BDECE26886C9A0026F76A /* Main.storyboard */; };
		761BDED326886C9A0026F76A /* MediTracker.xcdatamodeld in Sources */ = {isa = PBXBuildFile; fileRef = 761BDED126886C9A0026F76A /* MediTracker.xcdatamodeld */; };
		761BDED526886C9C0026F76A /* Assets.xcassets in Resources */ = {isa = PBXBuildFile; fileRef = 761BDED426886C9C0026F76A /* Assets.xcassets */; };
		761BDED826886C9C0026F76A /* LaunchScreen.storyboard in Resources */ = {isa = PBXBuildFile; fileRef = 761BDED626886C9C0026F76A /* LaunchScreen.storyboard */; };
		761BDEE326886C9C0026F76A /* MediTrackerTests.swift in Sources */ = {isa = PBXBuildFile; fileRef = 761BDEE226886C9C0026F76A /* MediTrackerTests.swift */; };
		761BDEEE26886C9C0026F76A /* MediTrackerUITests.swift in Sources */ = {isa = PBXBuildFile; fileRef = 761BDEED26886C9C0026F76A /* MediTrackerUITests.swift */; };
/* End PBXBuildFile section */

/* Begin PBXContainerItemProxy section */
		761BDEDF26886C9C0026F76A /* PBXContainerItemProxy */ = {
			isa = PBXContainerItemProxy;
			containerPortal = 761BDEBD26886C9A0026F76A /* Project object */;
			proxyType = 1;
			remoteGlobalIDString = 761BDEC426886C9A0026F76A;
			remoteInfo = MediTracker;
		};
		761BDEEA26886C9C0026F76A /* PBXContainerItemProxy */ = {
			isa = PBXContainerItemProxy;
			containerPortal = 761BDEBD26886C9A0026F76A /* Project object */;
			proxyType = 1;
			remoteGlobalIDString = 761BDEC426886C9A0026F76A;
			remoteInfo = MediTracker;
		};
/* End PBXContainerItemProxy section */

/* Begin PBXFileReference section */
		761BDEC526886C9A0026F76A /* MediTracker.app */ = {isa = PBXFileReference; explicitFileType = wrapper.application; includeInIndex = 0; path = MediTracker.app; sourceTree = BUILT_PRODUCTS_DIR; };
		761BDEC826886C9A0026F76A /* AppDelegate.swift */ = {isa = PBXFileReference; lastKnownFileType = sourcecode.swift; path = AppDelegate.swift; sourceTree = "<group>"; };
		761BDECA26886C9A0026F76A /* SceneDelegate.swift */ = {isa = PBXFileReference; lastKnownFileType = sourcecode.swift; path = SceneDelegate.swift; sourceTree = "<group>"; };
		761BDECC26886C9A0026F76A /* ViewController.swift */ = {isa = PBXFileReference; lastKnownFileType = sourcecode.swift; path = ViewController.swift; sourceTree = "<group>"; };
		761BDECF26886C9A0026F76A /* Base */ = {isa = PBXFileReference; lastKnownFileType = file.storyboard; name = Base; path = Base.lproj/Main.storyboard; sourceTree = "<group>"; };
		761BDED226886C9A0026F76A /* MediTracker.xcdatamodel */ = {isa = PBXFileReference; lastKnownFileType = wrapper.xcdatamodel; path = MediTracker.xcdatamodel; sourceTree = "<group>"; };
		761BDED426886C9C0026F76A /* Assets.xcassets */ = {isa = PBXFileReference; lastKnownFileType = folder.assetcatalog; path = Assets.xcassets; sourceTree = "<group>"; };
		761BDED726886C9C0026F76A /* Base */ = {isa = PBXFileReference; lastKnownFileType = file.storyboard; name = Base; path = Base.lproj/LaunchScreen.storyboard; sourceTree = "<group>"; };
		761BDED926886C9C0026F76A /* Info.plist */ = {isa = PBXFileReference; lastKnownFileType = text.plist.xml; path = Info.plist; sourceTree = "<group>"; };
		761BDEDE26886C9C0026F76A /* MediTrackerTests.xctest */ = {isa = PBXFileReference; explicitFileType = wrapper.cfbundle; includeInIndex = 0; path = MediTrackerTests.xctest; sourceTree = BUILT_PRODUCTS_DIR; };
		761BDEE226886C9C0026F76A /* MediTrackerTests.swift */ = {isa = PBXFileReference; lastKnownFileType = sourcecode.swift; path = MediTrackerTests.swift; sourceTree = "<group>"; };
		761BDEE426886C9C0026F76A /* Info.plist */ = {isa = PBXFileReference; lastKnownFileType = text.plist.xml; path = Info.plist; sourceTree = "<group>"; };
		761BDEE926886C9C0026F76A /* MediTrackerUITests.xctest */ = {isa = PBXFileReference; explicitFileType = wrapper.cfbundle; includeInIndex = 0; path = MediTrackerUITests.xctest; sourceTree = BUILT_PRODUCTS_DIR; };
		761BDEED26886C9C0026F76A /* MediTrackerUITests.swift */ = {isa = PBXFileReference; lastKnownFileType = sourcecode.swift; path = MediTrackerUITests.swift; sourceTree = "<group>"; };
		761BDEEF26886C9C0026F76A /* Info.plist */ = {isa = PBXFileReference; lastKnownFileType = text.plist.xml; path = Info.plist; sourceTree = "<group>"; };
/* End PBXFileReference section */

/* Begin PBXFrameworksBuildPhase section */
		761BDEC226886C9A0026F76A /* Frameworks */ = {
			isa = PBXFrameworksBuildPhase;
			buildActionMask = 2147483647;
			files = (
			);
			runOnlyForDeploymentPostprocessing = 0;
		};
		761BDEDB26886C9C0026F76A /* Frameworks */ = {
			isa = PBXFrameworksBuildPhase;
			buildActionMask = 2147483647;
			files = (
			);
			runOnlyForDeploymentPostprocessing = 0;
		};
		761BDEE626886C9C0026F76A /* Frameworks */ = {
			isa = PBXFrameworksBuildPhase;
			buildActionMask = 2147483647;
			files = (
			);
			runOnlyForDeploymentPostprocessing = 0;
		};
/* End PBXFrameworksBuildPhase section */

/* Begin PBXGroup section */
		761BDEBC26886C9A0026F76A = {
			isa = PBXGroup;
			children = (
				761BDEC726886C9A0026F76A /* MediTracker */,
				761BDEE126886C9C0026F76A /* MediTrackerTests */,
				761BDEEC26886C9C0026F76A /* MediTrackerUITests */,
				761BDEC626886C9A0026F76A /* Products */,
			);
			sourceTree = "<group>";
		};
		761BDEC626886C9A0026F76A /* Products */ = {
			isa = PBXGroup;
			children = (
				761BDEC526886C9A0026F76A /* MediTracker.app */,
				761BDEDE26886C9C0026F76A /* MediTrackerTests.xctest */,
				761BDEE926886C9C0026F76A /* MediTrackerUITests.xctest */,
			);
			name = Products;
			sourceTree = "<group>";
		};
		761BDEC726886C9A0026F76A /* MediTracker */ = {
			isa = PBXGroup;
			children = (
				761BDEC826886C9A0026F76A /* AppDelegate.swift */,
				761BDECA26886C9A0026F76A /* SceneDelegate.swift */,
				761BDECC26886C9A0026F76A /* ViewController.swift */,
				761BDECE26886C9A0026F76A /* Main.storyboard */,
				761BDED426886C9C0026F76A /* Assets.xcassets */,
				761BDED626886C9C0026F76A /* LaunchScreen.storyboard */,
				761BDED926886C9C0026F76A /* Info.plist */,
				761BDED126886C9A0026F76A /* MediTracker.xcdatamodeld */,
			);
			path = MediTracker;
			sourceTree = "<group>";
		};
		761BDEE126886C9C0026F76A /* MediTrackerTests */ = {
			isa = PBXGroup;
			children = (
				761BDEE226886C9C0026F76A /* MediTrackerTests.swift */,
				761BDEE426886C9C0026F76A /* Info.plist */,
			);
			path = MediTrackerTests;
			sourceTree = "<group>";
		};
		761BDEEC26886C9C0026F76A /* MediTrackerUITests */ = {
			isa = PBXGroup;
			children = (
				761BDEED26886C9C0026F76A /* MediTrackerUITests.swift */,
				761BDEEF26886C9C0026F76A /* Info.plist */,
			);
			path = MediTrackerUITests;
			sourceTree = "<group>";
		};
/* End PBXGroup section */

/* Begin PBXNativeTarget section */
		761BDEC426886C9A0026F76A /* MediTracker */ = {
			isa = PBXNativeTarget;
			buildConfigurationList = 761BDEF226886C9C0026F76A /* Build configuration list for PBXNativeTarget "MediTracker" */;
			buildPhases = (
				761BDEC126886C9A0026F76A /* Sources */,
				761BDEC226886C9A0026F76A /* Frameworks */,
				761BDEC326886C9A0026F76A /* Resources */,
			);
			buildRules = (
			);
			dependencies = (
			);
			name = MediTracker;
			productName = MediTracker;
			productReference = 761BDEC526886C9A0026F76A /* MediTracker.app */;
			productType = "com.apple.product-type.application";
		};
		761BDEDD26886C9C0026F76A /* MediTrackerTests */ = {
			isa = PBXNativeTarget;
			buildConfigurationList = 761BDEF526886C9C0026F76A /* Build configuration list for PBXNativeTarget "MediTrackerTests" */;
			buildPhases = (
				761BDEDA26886C9C0026F76A /* Sources */,
				761BDEDB26886C9C0026F76A /* Frameworks */,
				761BDEDC26886C9C0026F76A /* Resources */,
			);
			buildRules = (
			);
			dependencies = (
				761BDEE026886C9C0026F76A /* PBXTargetDependency */,
			);
			name = MediTrackerTests;
			productName = MediTrackerTests;
			productReference = 761BDEDE26886C9C0026F76A /* MediTrackerTests.xctest */;
			productType = "com.apple.product-type.bundle.unit-test";
		};
		761BDEE826886C9C0026F76A /* MediTrackerUITests */ = {
			isa = PBXNativeTarget;
			buildConfigurationList = 761BDEF826886C9C0026F76A /* Build configuration list for PBXNativeTarget "MediTrackerUITests" */;
			buildPhases = (
				761BDEE526886C9C0026F76A /* Sources */,
				761BDEE626886C9C0026F76A /* Frameworks */,
				761BDEE726886C9C0026F76A /* Resources */,
			);
			buildRules = (
			);
			dependencies = (
				761BDEEB26886C9C0026F76A /* PBXTargetDependency */,
			);
			name = MediTrackerUITests;
			productName = MediTrackerUITests;
			productReference = 761BDEE926886C9C0026F76A /* MediTrackerUITests.xctest */;
			productType = "com.apple.product-type.bundle.ui-testing";
		};
/* End PBXNativeTarget section */

/* Begin PBXProject section */
		761BDEBD26886C9A0026F76A /* Project object */ = {
			isa = PBXProject;
			attributes = {
				LastSwiftUpdateCheck = 1250;
				LastUpgradeCheck = 1250;
				TargetAttributes = {
					761BDEC426886C9A0026F76A = {
						CreatedOnToolsVersion = 12.5;
					};
					761BDEDD26886C9C0026F76A = {
						CreatedOnToolsVersion = 12.5;
						TestTargetID = 761BDEC426886C9A0026F76A;
					};
					761BDEE826886C9C0026F76A = {
						CreatedOnToolsVersion = 12.5;
						TestTargetID = 761BDEC426886C9A0026F76A;
					};
				};
			};
			buildConfigurationList = 761BDEC026886C9A0026F76A /* Build configuration list for PBXProject "MediTracker" */;
			compatibilityVersion = "Xcode 9.3";
			developmentRegion = en;
			hasScannedForEncodings = 0;
			knownRegions = (
				en,
				Base,
			);
			mainGroup = 761BDEBC26886C9A0026F76A;
			productRefGroup = 761BDEC626886C9A0026F76A /* Products */;
			projectDirPath = "";
			projectRoot = "";
			targets = (
				761BDEC426886C9A0026F76A /* MediTracker */,
				761BDEDD26886C9C0026F76A /* MediTrackerTests */,
				761BDEE826886C9C0026F76A /* MediTrackerUITests */,
			);
		};
/* End PBXProject section */

/* Begin PBXResourcesBuildPhase section */
		761BDEC326886C9A0026F76A /* Resources */ = {
			isa = PBXResourcesBuildPhase;
			buildActionMask = 2147483647;
			files = (
				761BDED826886C9C0026F76A /* LaunchScreen.storyboard in Resources */,
				761BDED526886C9C0026F76A /* Assets.xcassets in Resources */,
				761BDED026886C9A0026F76A /* Main.storyboard in Resources */,
			);
			runOnlyForDeploymentPostprocessing = 0;
		};
		761BDEDC26886C9C0026F76A /* Resources */ = {
			isa = PBXResourcesBuildPhase;
			buildActionMask = 2147483647;
			files = (
			);
			runOnlyForDeploymentPostprocessing = 0;
		};
		761BDEE726886C9C0026F76A /* Resources */ = {
			isa = PBXResourcesBuildPhase;
			buildActionMask = 2147483647;
			files = (
			);
			runOnlyForDeploymentPostprocessing = 0;
		};
/* End PBXResourcesBuildPhase section */

/* Begin PBXSourcesBuildPhase section */
		761BDEC126886C9A0026F76A /* Sources */ = {
			isa = PBXSourcesBuildPhase;
			buildActionMask = 2147483647;
			files = (
				761BDECD26886C9A0026F76A /* ViewController.swift in Sources */,
				761BDEC926886C9A0026F76A /* AppDelegate.swift in Sources */,
				761BDECB26886C9A0026F76A /* SceneDelegate.swift in Sources */,
				761BDED326886C9A0026F76A /* MediTracker.xcdatamodeld in Sources */,
			);
			runOnlyForDeploymentPostprocessing = 0;
		};
		761BDEDA26886C9C0026F76A /* Sources */ = {
			isa = PBXSourcesBuildPhase;
			buildActionMask = 2147483647;
			files = (
				761BDEE326886C9C0026F76A /* MediTrackerTests.swift in Sources */,
			);
			runOnlyForDeploymentPostprocessing = 0;
		};
		761BDEE526886C9C0026F76A /* Sources */ = {
			isa = PBXSourcesBuildPhase;
			buildActionMask = 2147483647;
			files = (
				761BDEEE26886C9C0026F76A /* MediTrackerUITests.swift in Sources */,
			);
			runOnlyForDeploymentPostprocessing = 0;
		};
/* End PBXSourcesBuildPhase section */

/* Begin PBXTargetDependency section */
		761BDEE026886C9C0026F76A /* PBXTargetDependency */ = {
			isa = PBXTargetDependency;
			target = 761BDEC426886C9A0026F76A /* MediTracker */;
			targetProxy = 761BDEDF26886C9C0026F76A /* PBXContainerItemProxy */;
		};
		761BDEEB26886C9C0026F76A /* PBXTargetDependency */ = {
			isa = PBXTargetDependency;
			target = 761BDEC426886C9A0026F76A /* MediTracker */;
			targetProxy = 761BDEEA26886C9C0026F76A /* PBXContainerItemProxy */;
		};
/* End PBXTargetDependency section */

/* Begin PBXVariantGroup section */
		761BDECE26886C9A0026F76A /* Main.storyboard */ = {
			isa = PBXVariantGroup;
			children = (
				761BDECF26886C9A0026F76A /* Base */,
			);
			name = Main.storyboard;
			sourceTree = "<group>";
		};
		761BDED626886C9C0026F76A /* LaunchScreen.storyboard */ = {
			isa = PBXVariantGroup;
			children = (
				761BDED726886C9C0026F76A /* Base */,
			);
			name = LaunchScreen.storyboard;
			sourceTree = "<group>";
		};
/* End PBXVariantGroup section */

/* Begin XCBuildConfiguration section */
		761BDEF026886C9C0026F76A /* Debug */ = {
			isa = XCBuildConfiguration;
			buildSettings = {
				ALWAYS_SEARCH_USER_PATHS = NO;
				CLANG_ANALYZER_NONNULL = YES;
				CLANG_ANALYZER_NUMBER_OBJECT_CONVERSION = YES_AGGRESSIVE;
				CLANG_CXX_LANGUAGE_STANDARD = "gnu++14";
				CLANG_CXX_LIBRARY = "libc++";
				CLANG_ENABLE_MODULES = YES;
				CLANG_ENABLE_OBJC_ARC = YES;
				CLANG_ENABLE_OBJC_WEAK = YES;
				CLANG_WARN_BLOCK_CAPTURE_AUTORELEASING = YES;
				CLANG_WARN_BOOL_CONVERSION = YES;
				CLANG_WARN_COMMA = YES;
				CLANG_WARN_CONSTANT_CONVERSION = YES;
				CLANG_WARN_DEPRECATED_OBJC_IMPLEMENTATIONS = YES;
				CLANG_WARN_DIRECT_OBJC_ISA_USAGE = YES_ERROR;
				CLANG_WARN_DOCUMENTATION_COMMENTS = YES;
				CLANG_WARN_EMPTY_BODY = YES;
				CLANG_WARN_ENUM_CONVERSION = YES;
				CLANG_WARN_INFINITE_RECURSION = YES;
				CLANG_WARN_INT_CONVERSION = YES;
				CLANG_WARN_NON_LITERAL_NULL_CONVERSION = YES;
				CLANG_WARN_OBJC_IMPLICIT_RETAIN_SELF = YES;
				CLANG_WARN_OBJC_LITERAL_CONVERSION = YES;
				CLANG_WARN_OBJC_ROOT_CLASS = YES_ERROR;
				CLANG_WARN_QUOTED_INCLUDE_IN_FRAMEWORK_HEADER = YES;
				CLANG_WARN_RANGE_LOOP_ANALYSIS = YES;
				CLANG_WARN_STRICT_PROTOTYPES = YES;
				CLANG_WARN_SUSPICIOUS_MOVE = YES;
				CLANG_WARN_UNGUARDED_AVAILABILITY = YES_AGGRESSIVE;
				CLANG_WARN_UNREACHABLE_CODE = YES;
				CLANG_WARN__DUPLICATE_METHOD_MATCH = YES;
				COPY_PHASE_STRIP = NO;
				DEBUG_INFORMATION_FORMAT = dwarf;
				ENABLE_STRICT_OBJC_MSGSEND = YES;
				ENABLE_TESTABILITY = YES;
				GCC_C_LANGUAGE_STANDARD = gnu11;
				GCC_DYNAMIC_NO_PIC = NO;
				GCC_NO_COMMON_BLOCKS = YES;
				GCC_OPTIMIZATION_LEVEL = 0;
				GCC_PREPROCESSOR_DEFINITIONS = (
					"DEBUG=1",
					"$(inherited)",
				);
				GCC_WARN_64_TO_32_BIT_CONVERSION = YES;
				GCC_WARN_ABOUT_RETURN_TYPE = YES_ERROR;
				GCC_WARN_UNDECLARED_SELECTOR = YES;
				GCC_WARN_UNINITIALIZED_AUTOS = YES_AGGRESSIVE;
				GCC_WARN_UNUSED_FUNCTION = YES;
				GCC_WARN_UNUSED_VARIABLE = YES;
				IPHONEOS_DEPLOYMENT_TARGET = 14.5;
				MTL_ENABLE_DEBUG_INFO = INCLUDE_SOURCE;
				MTL_FAST_MATH = YES;
				ONLY_ACTIVE_ARCH = YES;
				SDKROOT = iphoneos;
				SWIFT_ACTIVE_COMPILATION_CONDITIONS = DEBUG;
				SWIFT_OPTIMIZATION_LEVEL = "-Onone";
			};
			name = Debug;
		};
		761BDEF126886C9C0026F76A /* Release */ = {
			isa = XCBuildConfiguration;
			buildSettings = {
				ALWAYS_SEARCH_USER_PATHS = NO;
				CLANG_ANALYZER_NONNULL = YES;
				CLANG_ANALYZER_NUMBER_OBJECT_CONVERSION = YES_AGGRESSIVE;
				CLANG_CXX_LANGUAGE_STANDARD = "gnu++14";
				CLANG_CXX_LIBRARY = "libc++";
				CLANG_ENABLE_MODULES = YES;
				CLANG_ENABLE_OBJC_ARC = YES;
				CLANG_ENABLE_OBJC_WEAK = YES;
				CLANG_WARN_BLOCK_CAPTURE_AUTORELEASING = YES;
				CLANG_WARN_BOOL_CONVERSION = YES;
				CLANG_WARN_COMMA = YES;
				CLANG_WARN_CONSTANT_CONVERSION = YES;
				CLANG_WARN_DEPRECATED_OBJC_IMPLEMENTATIONS = YES;
				CLANG_WARN_DIRECT_OBJC_ISA_USAGE = YES_ERROR;
				CLANG_WARN_DOCUMENTATION_COMMENTS = YES;
				CLANG_WARN_EMPTY_BODY = YES;
				CLANG_WARN_ENUM_CONVERSION = YES;
				CLANG_WARN_INFINITE_RECURSION = YES;
				CLANG_WARN_INT_CONVERSION = YES;
				CLANG_WARN_NON_LITERAL_NULL_CONVERSION = YES;
				CLANG_WARN_OBJC_IMPLICIT_RETAIN_SELF = YES;
				CLANG_WARN_OBJC_LITERAL_CONVERSION = YES;
				CLANG_WARN_OBJC_ROOT_CLASS = YES_ERROR;
				CLANG_WARN_QUOTED_INCLUDE_IN_FRAMEWORK_HEADER = YES;
				CLANG_WARN_RANGE_LOOP_ANALYSIS = YES;
				CLANG_WARN_STRICT_PROTOTYPES = YES;
				CLANG_WARN_SUSPICIOUS_MOVE = YES;
				CLANG_WARN_UNGUARDED_AVAILABILITY = YES_AGGRESSIVE;
				CLANG_WARN_UNREACHABLE_CODE = YES;
				CLANG_WARN__DUPLICATE_METHOD_MATCH = YES;
				COPY_PHASE_STRIP = NO;
				DEBUG_INFORMATION_FORMAT = "dwarf-with-dsym";
				ENABLE_NS_ASSERTIONS = NO;
				ENABLE_STRICT_OBJC_MSGSEND = YES;
				GCC_C_LANGUAGE_STANDARD = gnu11;
				GCC_NO_COMMON_BLOCKS = YES;
				GCC_WARN_64_TO_32_BIT_CONVERSION = YES;
				GCC_WARN_ABOUT_RETURN_TYPE = YES_ERROR;
				GCC_WARN_UNDECLARED_SELECTOR = YES;
				GCC_WARN_UNINITIALIZED_AUTOS = YES_AGGRESSIVE;
				GCC_WARN_UNUSED_FUNCTION = YES;
				GCC_WARN_UNUSED_VARIABLE = YES;
				IPHONEOS_DEPLOYMENT_TARGET = 14.5;
				MTL_ENABLE_DEBUG_INFO = NO;
				MTL_FAST_MATH = YES;
				SDKROOT = iphoneos;
				SWIFT_COMPILATION_MODE = wholemodule;
				SWIFT_OPTIMIZATION_LEVEL = "-O";
				VALIDATE_PRODUCT = YES;
			};
			name = Release;
		};
		761BDEF326886C9C0026F76A /* Debug */ = {
			isa = XCBuildConfiguration;
			buildSettings = {
				ASSETCATALOG_COMPILER_APPICON_NAME = AppIcon;
				ASSETCATALOG_COMPILER_GLOBAL_ACCENT_COLOR_NAME = AccentColor;
				CODE_SIGN_STYLE = Automatic;
				INFOPLIST_FILE = MediTracker/Info.plist;
				LD_RUNPATH_SEARCH_PATHS = (
					"$(inherited)",
					"@executable_path/Frameworks",
				);
				PRODUCT_BUNDLE_IDENTIFIER = com.sushobhit.meditracker.MediTracker;
				PRODUCT_NAME = "$(TARGET_NAME)";
				SWIFT_VERSION = 5.0;
				TARGETED_DEVICE_FAMILY = "1,2";
			};
			name = Debug;
		};
		761BDEF426886C9C0026F76A /* Release */ = {
			isa = XCBuildConfiguration;
			buildSettings = {
				ASSETCATALOG_COMPILER_APPICON_NAME = AppIcon;
				ASSETCATALOG_COMPILER_GLOBAL_ACCENT_COLOR_NAME = AccentColor;
				CODE_SIGN_STYLE = Automatic;
				INFOPLIST_FILE = MediTracker/Info.plist;
				LD_RUNPATH_SEARCH_PATHS = (
					"$(inherited)",
					"@executable_path/Frameworks",
				);
				PRODUCT_BUNDLE_IDENTIFIER = com.sushobhit.meditracker.MediTracker;
				PRODUCT_NAME = "$(TARGET_NAME)";
				SWIFT_VERSION = 5.0;
				TARGETED_DEVICE_FAMILY = "1,2";
			};
			name = Release;
		};
		761BDEF626886C9C0026F76A /* Debug */ = {
			isa = XCBuildConfiguration;
			buildSettings = {
				ALWAYS_EMBED_SWIFT_STANDARD_LIBRARIES = YES;
				BUNDLE_LOADER = "$(TEST_HOST)";
				CODE_SIGN_STYLE = Automatic;
				INFOPLIST_FILE = MediTrackerTests/Info.plist;
				IPHONEOS_DEPLOYMENT_TARGET = 14.5;
				LD_RUNPATH_SEARCH_PATHS = (
					"$(inherited)",
					"@executable_path/Frameworks",
					"@loader_path/Frameworks",
				);
				PRODUCT_BUNDLE_IDENTIFIER = com.sushobhit.meditracker.MediTrackerTests;
				PRODUCT_NAME = "$(TARGET_NAME)";
				SWIFT_VERSION = 5.0;
				TARGETED_DEVICE_FAMILY = "1,2";
				TEST_HOST = "$(BUILT_PRODUCTS_DIR)/MediTracker.app/MediTracker";
			};
			name = Debug;
		};
		761BDEF726886C9C0026F76A /* Release */ = {
			isa = XCBuildConfiguration;
			buildSettings = {
				ALWAYS_EMBED_SWIFT_STANDARD_LIBRARIES = YES;
				BUNDLE_LOADER = "$(TEST_HOST)";
				CODE_SIGN_STYLE = Automatic;
				INFOPLIST_FILE = MediTrackerTests/Info.plist;
				IPHONEOS_DEPLOYMENT_TARGET = 14.5;
				LD_RUNPATH_SEARCH_PATHS = (
					"$(inherited)",
					"@executable_path/Frameworks",
					"@loader_path/Frameworks",
				);
				PRODUCT_BUNDLE_IDENTIFIER = com.sushobhit.meditracker.MediTrackerTests;
				PRODUCT_NAME = "$(TARGET_NAME)";
				SWIFT_VERSION = 5.0;
				TARGETED_DEVICE_FAMILY = "1,2";
				TEST_HOST = "$(BUILT_PRODUCTS_DIR)/MediTracker.app/MediTracker";
			};
			name = Release;
		};
		761BDEF926886C9C0026F76A /* Debug */ = {
			isa = XCBuildConfiguration;
			buildSettings = {
				ALWAYS_EMBED_SWIFT_STANDARD_LIBRARIES = YES;
				CODE_SIGN_STYLE = Automatic;
				INFOPLIST_FILE = MediTrackerUITests/Info.plist;
				LD_RUNPATH_SEARCH_PATHS = (
					"$(inherited)",
					"@executable_path/Frameworks",
					"@loader_path/Frameworks",
				);
				PRODUCT_BUNDLE_IDENTIFIER = com.sushobhit.meditracker.MediTrackerUITests;
				PRODUCT_NAME = "$(TARGET_NAME)";
				SWIFT_VERSION = 5.0;
				TARGETED_DEVICE_FAMILY = "1,2";
				TEST_TARGET_NAME = MediTracker;
			};
			name = Debug;
		};
		761BDEFA26886C9C0026F76A /* Release */ = {
			isa = XCBuildConfiguration;
			buildSettings = {
				ALWAYS_EMBED_SWIFT_STANDARD_LIBRARIES = YES;
				CODE_SIGN_STYLE = Automatic;
				INFOPLIST_FILE = MediTrackerUITests/Info.plist;
				LD_RUNPATH_SEARCH_PATHS = (
					"$(inherited)",
					"@executable_path/Frameworks",
					"@loader_path/Frameworks",
				);
				PRODUCT_BUNDLE_IDENTIFIER = com.sushobhit.meditracker.MediTrackerUITests;
				PRODUCT_NAME = "$(TARGET_NAME)";
				SWIFT_VERSION = 5.0;
				TARGETED_DEVICE_FAMILY = "1,2";
				TEST_TARGET_NAME = MediTracker;
			};
			name = Release;
		};
/* End XCBuildConfiguration section */

/* Begin XCConfigurationList section */
		761BDEC026886C9A0026F76A /* Build configuration list for PBXProject "MediTracker" */ = {
			isa = XCConfigurationList;
			buildConfigurations = (
				761BDEF026886C9C0026F76A /* Debug */,
				761BDEF126886C9C0026F76A /* Release */,
			);
			defaultConfigurationIsVisible = 0;
			defaultConfigurationName = Release;
		};
		761BDEF226886C9C0026F76A /* Build configuration list for PBXNativeTarget "MediTracker" */ = {
			isa = XCConfigurationList;
			buildConfigurations = (
				761BDEF326886C9C0026F76A /* Debug */,
				761BDEF426886C9C0026F76A /* Release */,
			);
			defaultConfigurationIsVisible = 0;
			defaultConfigurationName = Release;
		};
		761BDEF526886C9C0026F76A /* Build configuration list for PBXNativeTarget "MediTrackerTests" */ = {
			isa = XCConfigurationList;
			buildConfigurations = (
				761BDEF626886C9C0026F76A /* Debug */,
				761BDEF726886C9C0026F76A /* Release */,
			);
			defaultConfigurationIsVisible = 0;
			defaultConfigurationName = Release;
		};
		761BDEF826886C9C0026F76A /* Build configuration list for PBXNativeTarget "MediTrackerUITests" */ = {
			isa = XCConfigurationList;
			buildConfigurations = (
				761BDEF926886C9C0026F76A /* Debug */,
				761BDEFA26886C9C0026F76A /* Release */,
			);
			defaultConfigurationIsVisible = 0;
			defaultConfigurationName = Release;
		};
/* End XCConfigurationList section */

/* Begin XCVersionGroup section */
		761BDED126886C9A0026F76A /* MediTracker.xcdatamodeld */ = {
			isa = XCVersionGroup;
			children = (
				761BDED226886C9A0026F76A /* MediTracker.xcdatamodel */,
			);
			currentVersion = 761BDED226886C9A0026F76A /* MediTracker.xcdatamodel */;
			path = MediTracker.xcdatamodeld;
			sourceTree = "<group>";
			versionGroupType = wrapper.xcdatamodel;
		};
/* End XCVersionGroup section */
	};
	rootObject = 761BDEBD26886C9A0026F76A /* Project object */;
}
